
Microsoft Visual Studio Solution File, Format Version 12.00
# Visual Studio 14
VisualStudioVersion = 14.0.25420.1
MinimumVisualStudioVersion = 10.0.40219.1
Project("{FAE04EC0-301F-11D3-BF4B-00C04F79EFBC}") = "Derivee.TickRecorder.Console", "Derivee.TickRecorder.Console\Derivee.TickRecorder.Console.csproj", "{E991ECA8-D037-4394-AF05-8FB3FB04196E}"
EndProject
Project("{FAE04EC0-301F-11D3-BF4B-00C04F79EFBC}") = "Derivee.TickRecorder.Console.Test", "Derivee.TickRecorder.Console.Test\Derivee.TickRecorder.Console.Test.csproj", "{CE07C584-DCC1-44D0-908F-0A4B53D40B3E}"
EndProject
Global
	GlobalSection(SolutionConfigurationPlatforms) = preSolution
		Debug|Any CPU = Debug|Any CPU
		Debug|x86 = Debug|x86
		Release|Any CPU = Release|Any CPU
		Release|x86 = Release|x86
	EndGlobalSection
	GlobalSection(ProjectConfigurationPlatforms) = postSolution
		{E991ECA8-D037-4394-AF05-8FB3FB04196E}.Debug|Any CPU.ActiveCfg = Debug|Any CPU
		{E991ECA8-D037-4394-AF05-8FB3FB04196E}.Debug|Any CPU.Build.0 = Debug|Any CPU
		{E991ECA8-D037-4394-AF05-8FB3FB04196E}.Debug|x86.ActiveCfg = Debug|x86
		{E991ECA8-D037-4394-AF05-8FB3FB04196E}.Debug|x86.Build.0 = Debug|x86
		{E991ECA8-D037-4394-AF05-8FB3FB04196E}.Release|Any CPU.ActiveCfg = Release|Any CPU
		{E991ECA8-D037-4394-AF05-8FB3FB04196E}.Release|Any CPU.Build.0 = Release|Any CPU
		{E991ECA8-D037-4394-AF05-8FB3FB04196E}.Release|x86.ActiveCfg = Release|x86
		{E991ECA8-D037-4394-AF05-8FB3FB04196E}.Release|x86.Build.0 = Release|x86
		{CE07C584-DCC1-44D0-908F-0A4B53D40B3E}.Debug|Any CPU.ActiveCfg = Debug|Any CPU
		{CE07C584-DCC1-44D0-908F-0A4B53D40B3E}.Debug|Any CPU.Build.0 = Debug|Any CPU
		{CE07C584-DCC1-44D0-908F-0A4B53D40B3E}.Debug|x86.ActiveCfg = Debug|Any CPU
		{CE07C584-DCC1-44D0-908F-0A4B53D40B3E}.Release|Any CPU.ActiveCfg = Release|Any CPU
		{CE07C584-DCC1-44D0-908F-0A4B53D40B3E}.Release|Any CPU.Build.0 = Release|Any CPU
		{CE07C584-DCC1-44D0-908F-0A4B53D40B3E}.Release|x86.ActiveCfg = Release|Any CPU
		{CE07C584-DCC1-44D0-908F-0A4B53D40B3E}.Release|x86.Build.0 = Release|Any CPU
	EndGlobalSection
	GlobalSection(SolutionProperties) = preSolution
		HideSolutionNode = FALSE
	EndGlobalSection
	GlobalSection(ExtensibilityGlobals) = postSolution
		SolutionGuid = {D6A3662C-4872-427C-B573-442CE63B6865}
	EndGlobalSection
EndGlobal
